Download the React DevTools for a better development experience: https://reactjs.org/link/react-devtools bundle.js:59053:17
"shadow*" style props are deprecated. Use "boxShadow". bundle.js:69675:13
"textShadow*" style props are deprecated. Use "textShadow". bundle.js:69675:13
props.pointerEvents is deprecated. Use style.pointerEvents bundle.js:69675:13
Getting accessible menu items for role: Customer bundle.js:1447:13
Checking access for role: Customer to screen: Home bundle.js:1423:13
Role Customer access to Home: GRANTED bundle.js:1441:13
Allowed screens for Customer: 
Array(5) [ "Home", "Menu", "Favorites", "Cart", "Profile" ]
bundle.js:1442:13
Menu item Home (Home) - Access: YES bundle.js:1522:15
Checking access for role: Customer to screen: Menu bundle.js:1423:13
Role Customer access to Menu: GRANTED bundle.js:1441:13
Allowed screens for Customer: 
Array(5) [ "Home", "Menu", "Favorites", "Cart", "Profile" ]
bundle.js:1442:13
Menu item Menu (Menu) - Access: YES bundle.js:1522:15
Checking access for role: Customer to screen: Favorites bundle.js:1423:13
Role Customer access to Favorites: GRANTED bundle.js:1441:13
Allowed screens for Customer: 
Array(5) [ "Home", "Menu", "Favorites", "Cart", "Profile" ]
bundle.js:1442:13
Menu item Favorites (Favorites) - Access: YES bundle.js:1522:15
Checking access for role: Customer to screen: Cart bundle.js:1423:13
Role Customer access to Cart: GRANTED bundle.js:1441:13
Allowed screens for Customer: 
Array(5) [ "Home", "Menu", "Favorites", "Cart", "Profile" ]
bundle.js:1442:13
Menu item Cart (Cart) - Access: YES bundle.js:1522:15
Checking access for role: Customer to screen: Orders bundle.js:1423:13
Role Customer access to Orders: DENIED bundle.js:1441:13
Allowed screens for Customer: 
Array(5) [ "Home", "Menu", "Favorites", "Cart", "Profile" ]
bundle.js:1442:13
Menu item Orders (Orders) - Access: NO bundle.js:1522:15
Checking access for role: Customer to screen: OrderDetail bundle.js:1423:13
Role Customer access to OrderDetail: DENIED bundle.js:1441:13
Allowed screens for Customer: 
Array(5) [ "Home", "Menu", "Favorites", "Cart", "Profile" ]
bundle.js:1442:13
Menu item OrderDetail (OrderDetail) - Access: NO bundle.js:1522:15
Checking access for role: Customer to screen: Table bundle.js:1423:13
Role Customer access to Table: DENIED bundle.js:1441:13
Allowed screens for Customer: 
Array(5) [ "Home", "Menu", "Favorites", "Cart", "Profile" ]
bundle.js:1442:13
Menu item Table (Table) - Access: NO bundle.js:1522:15
Checking access for role: Customer to screen: BillManager bundle.js:1423:13
Role Customer access to BillManager: DENIED bundle.js:1441:13
Allowed screens for Customer: 
Array(5) [ "Home", "Menu", "Favorites", "Cart", "Profile" ]
bundle.js:1442:13
Menu item BillManager (BillManager) - Access: NO bundle.js:1522:15
Checking access for role: Customer to screen: Report bundle.js:1423:13
Role Customer access to Report: DENIED bundle.js:1441:13
Allowed screens for Customer: 
Array(5) [ "Home", "Menu", "Favorites", "Cart", "Profile" ]
bundle.js:1442:13
Menu item Report (Report) - Access: NO bundle.js:1522:15
Checking access for role: Customer to screen: Profile bundle.js:1423:13
Role Customer access to Profile: GRANTED bundle.js:1441:13
Allowed screens for Customer: 
Array(5) [ "Home", "Menu", "Favorites", "Cart", "Profile" ]
bundle.js:1442:13
Menu item Profile (Profile) - Access: YES bundle.js:1522:15
Checking access for role: Customer to screen: MenuManager bundle.js:1423:13
Role Customer access to MenuManager: DENIED bundle.js:1441:13
Allowed screens for Customer: 
Array(5) [ "Home", "Menu", "Favorites", "Cart", "Profile" ]
bundle.js:1442:13
Management item MenuManager (MenuManager) - Access: NO bundle.js:1527:15
Checking access for role: Customer to screen: IngredientManager bundle.js:1423:13
Role Customer access to IngredientManager: DENIED bundle.js:1441:13
Allowed screens for Customer: 
Array(5) [ "Home", "Menu", "Favorites", "Cart", "Profile" ]
bundle.js:1442:13
Management item IngredientManager (IngredientManager) - Access: NO bundle.js:1527:15
Checking access for role: Customer to screen: OrderDetailManager bundle.js:1423:13
Role Customer access to OrderDetailManager: DENIED bundle.js:1441:13
Allowed screens for Customer: 
Array(5) [ "Home", "Menu", "Favorites", "Cart", "Profile" ]
bundle.js:1442:13
Management item OrderDetailManager (OrderDetailManager) - Access: NO bundle.js:1527:15
Checking access for role: Customer to screen: UserManagement bundle.js:1423:13
Role Customer access to UserManagement: DENIED bundle.js:1441:13
Allowed screens for Customer: 
Array(5) [ "Home", "Menu", "Favorites", "Cart", "Profile" ]
bundle.js:1442:13
Management item UserManagement (UserManagement) - Access: NO bundle.js:1527:15
Final accessible items - Main: 5, Management: 0 bundle.js:1530:13
CustomSidebarMenu - Current user role: Customer bundle.js:502:11
CustomSidebarMenu - Accessible main menu items: 5 bundle.js:503:11
CustomSidebarMenu - Accessible management menu items: 0 bundle.js:504:11
🔄 Fetching dashboard data... bundle.js:91022:17
Fetching all orders from API... bundle.js:108314:17
Animated: `useNativeDriver` is not supported because the native animated module is missing. Falling back to JS-based animation. To resolve this, add `RCTAnimation` module to this app, or remove `useNativeDriver`. Make sure to run `bundle exec pod install` first. Read more about autolinking: https://github.com/react-native-community/cli/blob/master/docs/autolinking.md bundle.js:70974:15
🚀 Making GET request to: /api/Order bundle.js:107767:11
✅ Auth token set in API headers bundle.js:109744:15
🔑 JWT token restored from storage bundle.js:1256:23
Getting accessible menu items for role: Customer bundle.js:1447:13
Checking access for role: Customer to screen: Home bundle.js:1423:13
Role Customer access to Home: GRANTED bundle.js:1441:13
Allowed screens for Customer: 
Array(5) [ "Home", "Menu", "Favorites", "Cart", "Profile" ]
bundle.js:1442:13
Menu item Home (Home) - Access: YES bundle.js:1522:15
Checking access for role: Customer to screen: Menu bundle.js:1423:13
Role Customer access to Menu: GRANTED bundle.js:1441:13
Allowed screens for Customer: 
Array(5) [ "Home", "Menu", "Favorites", "Cart", "Profile" ]
bundle.js:1442:13
Menu item Menu (Menu) - Access: YES bundle.js:1522:15
Checking access for role: Customer to screen: Favorites bundle.js:1423:13
Role Customer access to Favorites: GRANTED bundle.js:1441:13
Allowed screens for Customer: 
Array(5) [ "Home", "Menu", "Favorites", "Cart", "Profile" ]
bundle.js:1442:13
Menu item Favorites (Favorites) - Access: YES bundle.js:1522:15
Checking access for role: Customer to screen: Cart bundle.js:1423:13
Role Customer access to Cart: GRANTED bundle.js:1441:13
Allowed screens for Customer: 
Array(5) [ "Home", "Menu", "Favorites", "Cart", "Profile" ]
bundle.js:1442:13
Menu item Cart (Cart) - Access: YES bundle.js:1522:15
Checking access for role: Customer to screen: Orders bundle.js:1423:13
Role Customer access to Orders: DENIED bundle.js:1441:13
Allowed screens for Customer: 
Array(5) [ "Home", "Menu", "Favorites", "Cart", "Profile" ]
bundle.js:1442:13
Menu item Orders (Orders) - Access: NO bundle.js:1522:15
Checking access for role: Customer to screen: OrderDetail bundle.js:1423:13
Role Customer access to OrderDetail: DENIED bundle.js:1441:13
Allowed screens for Customer: 
Array(5) [ "Home", "Menu", "Favorites", "Cart", "Profile" ]
bundle.js:1442:13
Menu item OrderDetail (OrderDetail) - Access: NO bundle.js:1522:15
Checking access for role: Customer to screen: Table bundle.js:1423:13
Role Customer access to Table: DENIED bundle.js:1441:13
Allowed screens for Customer: 
Array(5) [ "Home", "Menu", "Favorites", "Cart", "Profile" ]
bundle.js:1442:13
Menu item Table (Table) - Access: NO bundle.js:1522:15
Checking access for role: Customer to screen: BillManager bundle.js:1423:13
Role Customer access to BillManager: DENIED bundle.js:1441:13
Allowed screens for Customer: 
Array(5) [ "Home", "Menu", "Favorites", "Cart", "Profile" ]
bundle.js:1442:13
Menu item BillManager (BillManager) - Access: NO bundle.js:1522:15
Checking access for role: Customer to screen: Report bundle.js:1423:13
Role Customer access to Report: DENIED bundle.js:1441:13
Allowed screens for Customer: 
Array(5) [ "Home", "Menu", "Favorites", "Cart", "Profile" ]
bundle.js:1442:13
Menu item Report (Report) - Access: NO bundle.js:1522:15
Checking access for role: Customer to screen: Profile bundle.js:1423:13
Role Customer access to Profile: GRANTED bundle.js:1441:13
Allowed screens for Customer: 
Array(5) [ "Home", "Menu", "Favorites", "Cart", "Profile" ]
bundle.js:1442:13
Menu item Profile (Profile) - Access: YES bundle.js:1522:15
Checking access for role: Customer to screen: MenuManager bundle.js:1423:13
Role Customer access to MenuManager: DENIED bundle.js:1441:13
Allowed screens for Customer: 
Array(5) [ "Home", "Menu", "Favorites", "Cart", "Profile" ]
bundle.js:1442:13
Management item MenuManager (MenuManager) - Access: NO bundle.js:1527:15
Checking access for role: Customer to screen: IngredientManager bundle.js:1423:13
Role Customer access to IngredientManager: DENIED bundle.js:1441:13
Allowed screens for Customer: 
Array(5) [ "Home", "Menu", "Favorites", "Cart", "Profile" ]
bundle.js:1442:13
Management item IngredientManager (IngredientManager) - Access: NO bundle.js:1527:15
Checking access for role: Customer to screen: OrderDetailManager bundle.js:1423:13
Role Customer access to OrderDetailManager: DENIED bundle.js:1441:13
Allowed screens for Customer: 
Array(5) [ "Home", "Menu", "Favorites", "Cart", "Profile" ]
bundle.js:1442:13
Management item OrderDetailManager (OrderDetailManager) - Access: NO bundle.js:1527:15
Checking access for role: Customer to screen: UserManagement bundle.js:1423:13
Role Customer access to UserManagement: DENIED bundle.js:1441:13
Allowed screens for Customer: 
Array(5) [ "Home", "Menu", "Favorites", "Cart", "Profile" ]
bundle.js:1442:13
Management item UserManagement (UserManagement) - Access: NO bundle.js:1527:15
Final accessible items - Main: 5, Management: 0 bundle.js:1530:13
CustomSidebarMenu - Current user role: Customer bundle.js:502:11
CustomSidebarMenu - Accessible main menu items: 5 bundle.js:503:11
CustomSidebarMenu - Accessible management menu items: 0 bundle.js:504:11
✅ Response received: 200 OK bundle.js:107774:11
Raw orders response: 
Array(82) [ {…}, {…}, {…}, {…}, {…}, {…}, {…}, {…}, {…}, {…}, … ]
bundle.js:108316:17
extractApiData - Input data: 
Array(82) [ {…}, {…}, {…}, {…}, {…}, {…}, {…}, {…}, {…}, {…}, … ]
bundle.js:107950:11
Found direct array with length: 82 bundle.js:107952:13
normalizeKeyName: status -> status 251 bundle.js:107830:13
extractApiData - Processed items: 82 bundle.js:107968:13
extractApiData - Sample processed item: 
Object { id: "HD12D62804", tableId: "2", userId: "4", orderDate: "2025-07-05T18:42:05.943", status: "Đã tạo bill", total: 882005, discount: 0, orderDetails: (1) […] }
bundle.js:107969:13
Extracted orders data: 
Array(82) [ {…}, {…}, {…}, {…}, {…}, {…}, {…}, {…}, {…}, {…}, … ]
bundle.js:108318:17
Fetching all bills from API... bundle.js:108946:17
🚀 Making GET request to: /api/Bill bundle.js:107767:11
✅ Response received: 200 OK bundle.js:107774:11
Raw bills response: 
Array(49) [ {…}, {…}, {…}, {…}, {…}, {…}, {…}, {…}, {…}, {…}, … ]
bundle.js:108948:17
extractApiData - Input data: 
Array(49) [ {…}, {…}, {…}, {…}, {…}, {…}, {…}, {…}, {…}, {…}, … ]
bundle.js:107950:11
Found direct array with length: 49 bundle.js:107952:13
extractApiData - Processed items: 49 bundle.js:107968:13
extractApiData - Sample processed item: 
Object { billId: "486yrdza31", orderId: "ORD8419448", userId: "4", userName: "VAnh", total: 40000, discount: 0, totalFinal: 40000, payment: "Chưa thanh toán", createdTime: "2025-10-27T15:57:31.35" }
bundle.js:107969:13
Extracted bills data: 
Array(49) [ {…}, {…}, {…}, {…}, {…}, {…}, {…}, {…}, {…}, {…}, … ]
bundle.js:108950:17
Fetching all users from API... bundle.js:108823:17
🚀 Making GET request to: /api/User bundle.js:107767:11
✅ Response received: 200 OK bundle.js:107774:11
Raw users response: 
Array(5) [ {…}, {…}, {…}, {…}, {…} ]
bundle.js:108825:17
extractApiData - Input data: 
Array(5) [ {…}, {…}, {…}, {…}, {…} ]
bundle.js:107950:11
Found direct array with length: 5 bundle.js:107952:13
extractApiData - Processed items: 5 bundle.js:107968:13
extractApiData - Sample processed item: 
Object { userId: "1", userName: "abc", password: "abc1234", role: "NV", fullName: "Duong", phone: 12345, email: "duongcho@gmail.com", bills: [], orders: [] }
bundle.js:107969:13
Extracted users data: 
Array(5) [ {…}, {…}, {…}, {…}, {…} ]
bundle.js:108827:17
✅ Dashboard data loaded successfully bundle.js:91075:17
📊 Stats: 
Object { todayRevenue: 0, totalOrders: 82, totalCustomers: 5 }
bundle.js:91076:17
Warning: Encountered two children with the same key, `order-undefined`. Keys should be unique so that components maintain their identity across updates. Non-unique keys may cause children to be duplicated and/or omitted — the behavior is unsupported and could change in a future version.
div
./node_modules/react-native-web/dist/exports/View/index.js/View<@http://localhost:19006/static/js/bundle.js:65906:19
div
./node_modules/react-native-web/dist/exports/View/index.js/View<@http://localhost:19006/static/js/bundle.js:65906:19
div
./node_modules/react-native-web/dist/exports/View/index.js/View<@http://localhost:19006/static/js/bundle.js:65906:19
div
./node_modules/react-native-web/dist/exports/View/index.js/View<@http://localhost:19006/static/js/bundle.js:65906:19
./node_modules/react-native-web/dist/exports/ScrollView/ScrollViewBase.js/ScrollViewBase<@http://localhost:19006/static/js/bundle.js:62764:18
div
./node_modules/react-native-web/dist/exports/View/index.js/View<@http://localhost:19006/static/js/bundle.js:65906:19
RefreshControl@http://localhost:19006/static/js/bundle.js:62686:16
ScrollView@http://localhost:19006/static/js/bundle.js:62912:86
ScrollView
div
./node_modules/react-native-web/dist/exports/View/index.js/View<@http://localhost:19006/static/js/bundle.js:65906:19
HomeScreen@http://localhost:19006/static/js/bundle.js:90919:20
StaticContainer@http://localhost:19006/static/js/bundle.js:4684:3
EnsureSingleNavigator@http://localhost:19006/static/js/bundle.js:4241:18
SceneView@http://localhost:19006/static/js/bundle.js:4574:16
div
./node_modules/react-native-web/dist/exports/View/index.js/View<@http://localhost:19006/static/js/bundle.js:65906:19
div
./node_modules/react-native-web/dist/exports/View/index.js/View<@http://localhost:19006/static/js/bundle.js:65906:19
div
./node_modules/react-native-web/dist/exports/View/index.js/View<@http://localhost:19006/static/js/bundle.js:65906:19
CardSheet@http://localhost:19006/static/js/bundle.js:13219:17
div
./node_modules/react-native-web/dist/exports/View/index.js/View<@http://localhost:19006/static/js/bundle.js:65906:19
./node_modules/react-native-web/dist/vendor/react-native/Animated/createAnimatedComponent.js/createAnimatedComponent/<@http://localhost:19006/static/js/bundle.js:71961:90
Dummy@http://localhost:19006/static/js/bundle.js:11884:18
div
./node_modules/react-native-web/dist/exports/View/index.js/View<@http://localhost:19006/static/js/bundle.js:65906:19
./node_modules/react-native-web/dist/vendor/react-native/Animated/createAnimatedComponent.js/createAnimatedComponent/<@http://localhost:19006/static/js/bundle.js:71961:90
div
./node_modules/react-native-web/dist/exports/View/index.js/View<@http://localhost:19006/static/js/bundle.js:65906:19
Card@http://localhost:19006/static/js/bundle.js:12513:86
CardContainer@http://localhost:19006/static/js/bundle.js:12958:28
div
./node_modules/react-native-web/dist/exports/View/index.js/View<@http://localhost:19006/static/js/bundle.js:65906:19
NativeScreen@http://localhost:19006/static/js/bundle.js:60422:86
./node_modules/react-native-web/dist/vendor/react-native/Animated/createAnimatedComponent.js/createAnimatedComponent/<@http://localhost:19006/static/js/bundle.js:71961:90
MaybeScreen@http://localhost:19006/static/js/bundle.js:12406:17
div
./node_modules/react-native-web/dist/exports/View/index.js/View<@http://localhost:19006/static/js/bundle.js:65906:19
MaybeScreenContainer@http://localhost:19006/static/js/bundle.js:12396:17
div
./node_modules/react-native-web/dist/exports/View/index.js/View<@http://localhost:19006/static/js/bundle.js:65906:19
Background@http://localhost:19006/static/js/bundle.js:7959:15
CardStack@http://localhost:19006/static/js/bundle.js:13387:86
SafeAreaFrameProvider@http://localhost:19006/static/js/bundle.js:8910:24
div
./node_modules/react-native-web/dist/exports/View/index.js/View<@http://localhost:19006/static/js/bundle.js:65906:19
NativeSafeAreaProvider@http://localhost:19006/static/js/bundle.js:60071:18
SafeAreaProvider@http://localhost:19006/static/js/bundle.js:60229:18
SafeAreaProviderCompat@http://localhost:19006/static/js/bundle.js:8891:18
div
./node_modules/react-native-web/dist/exports/View/index.js/View<@http://localhost:19006/static/js/bundle.js:65906:19
StackView@http://localhost:19006/static/js/bundle.js:13785:86
PreventRemoveProvider@http://localhost:19006/static/js/bundle.js:4484:18
NavigationContent@http://localhost:19006/static/js/bundle.js:5912:16
./node_modules/@react-navigation/core/lib/module/useComponent.js/useComponent/<@http://localhost:19006/static/js/bundle.js:5923:20
StackNavigator@http://localhost:19006/static/js/bundle.js:11518:12
MainAppStack@http://localhost:19006/static/js/bundle.js:190:21
AppContainer@http://localhost:19006/static/js/bundle.js:762:66
EnsureSingleNavigator@http://localhost:19006/static/js/bundle.js:4241:18
BaseNavigationContainer@http://localhost:19006/static/js/bundle.js:3903:22
ThemeProvider@http://localhost:19006/static/js/bundle.js:9435:15
NavigationContainerInner@http://localhost:19006/static/js/bundle.js:9102:20
ToastProvider@http://localhost:19006/static/js/bundle.js:1805:18
CartProvider@http://localhost:19006/static/js/bundle.js:1594:18
AuthProvider@http://localhost:19006/static/js/bundle.js:1238:18
App
withDevTools(App) 2 bundle.js:29303:30
Getting accessible menu items for role: Customer bundle.js:1447:13
Checking access for role: Customer to screen: Home bundle.js:1423:13
Role Customer access to Home: GRANTED bundle.js:1441:13
Allowed screens for Customer: 
Array(5) [ "Home", "Menu", "Favorites", "Cart", "Profile" ]
bundle.js:1442:13
Menu item Home (Home) - Access: YES bundle.js:1522:15
Checking access for role: Customer to screen: Menu bundle.js:1423:13
Role Customer access to Menu: GRANTED bundle.js:1441:13
Allowed screens for Customer: 
Array(5) [ "Home", "Menu", "Favorites", "Cart", "Profile" ]
bundle.js:1442:13
Menu item Menu (Menu) - Access: YES bundle.js:1522:15
Checking access for role: Customer to screen: Favorites bundle.js:1423:13
Role Customer access to Favorites: GRANTED bundle.js:1441:13
Allowed screens for Customer: 
Array(5) [ "Home", "Menu", "Favorites", "Cart", "Profile" ]
bundle.js:1442:13
Menu item Favorites (Favorites) - Access: YES bundle.js:1522:15
Checking access for role: Customer to screen: Cart bundle.js:1423:13
Role Customer access to Cart: GRANTED bundle.js:1441:13
Allowed screens for Customer: 
Array(5) [ "Home", "Menu", "Favorites", "Cart", "Profile" ]
bundle.js:1442:13
Menu item Cart (Cart) - Access: YES bundle.js:1522:15
Checking access for role: Customer to screen: Orders bundle.js:1423:13
Role Customer access to Orders: DENIED bundle.js:1441:13
Allowed screens for Customer: 
Array(5) [ "Home", "Menu", "Favorites", "Cart", "Profile" ]
bundle.js:1442:13
Menu item Orders (Orders) - Access: NO bundle.js:1522:15
Checking access for role: Customer to screen: OrderDetail bundle.js:1423:13
Role Customer access to OrderDetail: DENIED bundle.js:1441:13
Allowed screens for Customer: 
Array(5) [ "Home", "Menu", "Favorites", "Cart", "Profile" ]
bundle.js:1442:13
Menu item OrderDetail (OrderDetail) - Access: NO bundle.js:1522:15
Checking access for role: Customer to screen: Table bundle.js:1423:13
Role Customer access to Table: DENIED bundle.js:1441:13
Allowed screens for Customer: 
Array(5) [ "Home", "Menu", "Favorites", "Cart", "Profile" ]
bundle.js:1442:13
Menu item Table (Table) - Access: NO bundle.js:1522:15
Checking access for role: Customer to screen: BillManager bundle.js:1423:13
Role Customer access to BillManager: DENIED bundle.js:1441:13
Allowed screens for Customer: 
Array(5) [ "Home", "Menu", "Favorites", "Cart", "Profile" ]
bundle.js:1442:13
Menu item BillManager (BillManager) - Access: NO bundle.js:1522:15
Checking access for role: Customer to screen: Report bundle.js:1423:13
Role Customer access to Report: DENIED bundle.js:1441:13
Allowed screens for Customer: 
Array(5) [ "Home", "Menu", "Favorites", "Cart", "Profile" ]
bundle.js:1442:13
Menu item Report (Report) - Access: NO bundle.js:1522:15
Checking access for role: Customer to screen: Profile bundle.js:1423:13
Role Customer access to Profile: GRANTED bundle.js:1441:13
Allowed screens for Customer: 
Array(5) [ "Home", "Menu", "Favorites", "Cart", "Profile" ]
bundle.js:1442:13
Menu item Profile (Profile) - Access: YES bundle.js:1522:15
Checking access for role: Customer to screen: MenuManager bundle.js:1423:13
Role Customer access to MenuManager: DENIED bundle.js:1441:13
Allowed screens for Customer: 
Array(5) [ "Home", "Menu", "Favorites", "Cart", "Profile" ]
bundle.js:1442:13
Management item MenuManager (MenuManager) - Access: NO bundle.js:1527:15
Checking access for role: Customer to screen: IngredientManager bundle.js:1423:13
Role Customer access to IngredientManager: DENIED bundle.js:1441:13
Allowed screens for Customer: 
Array(5) [ "Home", "Menu", "Favorites", "Cart", "Profile" ]
bundle.js:1442:13
Management item IngredientManager (IngredientManager) - Access: NO bundle.js:1527:15
Checking access for role: Customer to screen: OrderDetailManager bundle.js:1423:13
Role Customer access to OrderDetailManager: DENIED bundle.js:1441:13
Allowed screens for Customer: 
Array(5) [ "Home", "Menu", "Favorites", "Cart", "Profile" ]
bundle.js:1442:13
Management item OrderDetailManager (OrderDetailManager) - Access: NO bundle.js:1527:15
Checking access for role: Customer to screen: UserManagement bundle.js:1423:13
Role Customer access to UserManagement: DENIED bundle.js:1441:13
Allowed screens for Customer: 
Array(5) [ "Home", "Menu", "Favorites", "Cart", "Profile" ]
bundle.js:1442:13
Management item UserManagement (UserManagement) - Access: NO bundle.js:1527:15
Final accessible items - Main: 5, Management: 0 bundle.js:1530:13
CustomSidebarMenu - Current user role: Customer bundle.js:502:11
CustomSidebarMenu - Accessible main menu items: 5 bundle.js:503:11
CustomSidebarMenu - Accessible management menu items: 0 bundle.js:504:11
TouchableWithoutFeedback is deprecated. Please use Pressable. bundle.js:69675:13
Getting accessible menu items for role: Customer bundle.js:1447:13
Checking access for role: Customer to screen: Home bundle.js:1423:13
Role Customer access to Home: GRANTED bundle.js:1441:13
Allowed screens for Customer: 
Array(5) [ "Home", "Menu", "Favorites", "Cart", "Profile" ]
bundle.js:1442:13
Menu item Home (Home) - Access: YES bundle.js:1522:15
Checking access for role: Customer to screen: Menu bundle.js:1423:13
Role Customer access to Menu: GRANTED bundle.js:1441:13
Allowed screens for Customer: 
Array(5) [ "Home", "Menu", "Favorites", "Cart", "Profile" ]
bundle.js:1442:13
Menu item Menu (Menu) - Access: YES bundle.js:1522:15
Checking access for role: Customer to screen: Favorites bundle.js:1423:13
Role Customer access to Favorites: GRANTED bundle.js:1441:13
Allowed screens for Customer: 
Array(5) [ "Home", "Menu", "Favorites", "Cart", "Profile" ]
bundle.js:1442:13
Menu item Favorites (Favorites) - Access: YES bundle.js:1522:15
Checking access for role: Customer to screen: Cart bundle.js:1423:13
Role Customer access to Cart: GRANTED bundle.js:1441:13
Allowed screens for Customer: 
Array(5) [ "Home", "Menu", "Favorites", "Cart", "Profile" ]
bundle.js:1442:13
Menu item Cart (Cart) - Access: YES bundle.js:1522:15
Checking access for role: Customer to screen: Orders bundle.js:1423:13
Role Customer access to Orders: DENIED bundle.js:1441:13
Allowed screens for Customer: 
Array(5) [ "Home", "Menu", "Favorites", "Cart", "Profile" ]
bundle.js:1442:13
Menu item Orders (Orders) - Access: NO bundle.js:1522:15
Checking access for role: Customer to screen: OrderDetail bundle.js:1423:13
Role Customer access to OrderDetail: DENIED bundle.js:1441:13
Allowed screens for Customer: 
Array(5) [ "Home", "Menu", "Favorites", "Cart", "Profile" ]
bundle.js:1442:13
Menu item OrderDetail (OrderDetail) - Access: NO bundle.js:1522:15
Checking access for role: Customer to screen: Table bundle.js:1423:13
Role Customer access to Table: DENIED bundle.js:1441:13
Allowed screens for Customer: 
Array(5) [ "Home", "Menu", "Favorites", "Cart", "Profile" ]
bundle.js:1442:13
Menu item Table (Table) - Access: NO bundle.js:1522:15
Checking access for role: Customer to screen: BillManager bundle.js:1423:13
Role Customer access to BillManager: DENIED bundle.js:1441:13
Allowed screens for Customer: 
Array(5) [ "Home", "Menu", "Favorites", "Cart", "Profile" ]
bundle.js:1442:13
Menu item BillManager (BillManager) - Access: NO bundle.js:1522:15
Checking access for role: Customer to screen: Report bundle.js:1423:13
Role Customer access to Report: DENIED bundle.js:1441:13
Allowed screens for Customer: 
Array(5) [ "Home", "Menu", "Favorites", "Cart", "Profile" ]
bundle.js:1442:13
Menu item Report (Report) - Access: NO bundle.js:1522:15
Checking access for role: Customer to screen: Profile bundle.js:1423:13
Role Customer access to Profile: GRANTED bundle.js:1441:13
Allowed screens for Customer: 
Array(5) [ "Home", "Menu", "Favorites", "Cart", "Profile" ]
bundle.js:1442:13
Menu item Profile (Profile) - Access: YES bundle.js:1522:15
Checking access for role: Customer to screen: MenuManager bundle.js:1423:13
Role Customer access to MenuManager: DENIED bundle.js:1441:13
Allowed screens for Customer: 
Array(5) [ "Home", "Menu", "Favorites", "Cart", "Profile" ]
bundle.js:1442:13
Management item MenuManager (MenuManager) - Access: NO bundle.js:1527:15
Checking access for role: Customer to screen: IngredientManager bundle.js:1423:13
Role Customer access to IngredientManager: DENIED bundle.js:1441:13
Allowed screens for Customer: 
Array(5) [ "Home", "Menu", "Favorites", "Cart", "Profile" ]
bundle.js:1442:13
Management item IngredientManager (IngredientManager) - Access: NO bundle.js:1527:15
Checking access for role: Customer to screen: OrderDetailManager bundle.js:1423:13
Role Customer access to OrderDetailManager: DENIED bundle.js:1441:13
Allowed screens for Customer: 
Array(5) [ "Home", "Menu", "Favorites", "Cart", "Profile" ]
bundle.js:1442:13
Management item OrderDetailManager (OrderDetailManager) - Access: NO bundle.js:1527:15
Checking access for role: Customer to screen: UserManagement bundle.js:1423:13
Role Customer access to UserManagement: DENIED bundle.js:1441:13
Allowed screens for Customer: 
Array(5) [ "Home", "Menu", "Favorites", "Cart", "Profile" ]
bundle.js:1442:13
Management item UserManagement (UserManagement) - Access: NO bundle.js:1527:15
Final accessible items - Main: 5, Management: 0 bundle.js:1530:13
CustomSidebarMenu - Current user role: Customer bundle.js:502:11
CustomSidebarMenu - Accessible main menu items: 5 bundle.js:503:11
CustomSidebarMenu - Accessible management menu items: 0 bundle.js:504:11
Checking access for role: Customer to screen: Menu bundle.js:1423:13
Role Customer access to Menu: GRANTED bundle.js:1441:13
Allowed screens for Customer: 
Array(5) [ "Home", "Menu", "Favorites", "Cart", "Profile" ]
bundle.js:1442:13
MenuScreen - Current user role: Customer Is Customer: true bundle.js:95718:11
=== STARTING CONNECTION TESTS === bundle.js:95836:17
Testing with axios... bundle.js:95837:17
Testing API connection to: http://192.168.192.85:8080 bundle.js:108041:17
Full URL being tested: http://192.168.192.85:8080api/Category bundle.js:108042:17
Fetching user favorites for userId: 3292731962 bundle.js:96006:15
Fetching user favorites... bundle.js:109545:17
Checking access for role: Customer to screen: Menu bundle.js:1423:13
Role Customer access to Menu: GRANTED bundle.js:1441:13
Allowed screens for Customer: 
Array(5) [ "Home", "Menu", "Favorites", "Cart", "Profile" ]
bundle.js:1442:13
🚀 Making GET request to: /api/Category bundle.js:107767:11
🚀 Making GET request to: /api/Favorites bundle.js:107767:11
✅ Response received: 200 OK bundle.js:107774:11
Favorites response: 
Array(3) [ {…}, {…}, {…} ]
bundle.js:109547:17
User favorite food IDs: 
Array(3) [ "18", "10", "1" ]
bundle.js:96014:15
MenuScreen - Current user role: Customer Is Customer: true bundle.js:95718:11
✅ Response received: 200 OK bundle.js:107774:11
Connection test successful - Status: 200 bundle.js:108044:17
Response headers: 
Object { "content-type": "application/json; charset=utf-8" }
bundle.js:108045:17
Response data preview: [{"cateId":"1         ","cateName":"Cơm","foodInfos":[]},{"cateId":"2         ","cateName":"Canh","foodInfos":[]},{"cateId":"3         ","cateName":"Súp","foodInfos":[]},{"cateId":"4         ","cateNa bundle.js:108046:17
Axios test result: true bundle.js:95839:17
Testing with fetch... bundle.js:95840:17
Testing with native fetch API... bundle.js:107987:17
Fetch URL: http://192.168.192.85:8080api/Category bundle.js:107989:17
Fetch test failed: TypeError: Window.fetch: http://192.168.192.85:8080api/Category is not a valid URL.
    _testWithFetch apiService.js:379
    Babel 2
    node_modules bundle.js:2030
    node_modules bundle.js:2022
    testWithFetch apiService.js:373
    _ref2 MenuScreen.js:133
    Babel 4
    node_modules bundle.js:2030
    node_modules bundle.js:2022
    fetchCategories MenuScreen.js:119
    MenuScreen MenuScreen.js:74
    React 18
    Webpack 25
bundle.js:108020:17
Fetch test result: 
Object { success: false, error: "CORS or Network Error: Unable to connect to server" }
bundle.js:95842:17
Fetching categories from API... bundle.js:108101:17
🚀 Making GET request to: /api/Category bundle.js:107767:11
✅ Response received: 200 OK bundle.js:107774:11
Raw categories response: 
Array(9) [ {…}, {…}, {…}, {…}, {…}, {…}, {…}, {…}, {…} ]
bundle.js:108103:17
extractApiData - Input data: 
Array(9) [ {…}, {…}, {…}, {…}, {…}, {…}, {…}, {…}, {…} ]
bundle.js:107950:11
Found direct array with length: 9 bundle.js:107952:13
extractApiData - Processed items: 9 bundle.js:107968:13
extractApiData - Sample processed item: 
Object { cateId: "1", cateName: "Cơm", foodInfos: [] }
bundle.js:107969:13
Extracted categories data: 
Array(9) [ {…}, {…}, {…}, {…}, {…}, {…}, {…}, {…}, {…} ]
bundle.js:108105:17
Number of categories: 9 bundle.js:108106:17
Categories fetched: 
Array(9) [ {…}, {…}, {…}, {…}, {…}, {…}, {…}, {…}, {…} ]
bundle.js:95872:17
Transformed categories: 
Array(10) [ {…}, {…}, {…}, {…}, {…}, {…}, {…}, {…}, {…}, {…} ]
bundle.js:95894:17
Setting selected category to: all bundle.js:95897:19
MenuScreen - Current user role: Customer Is Customer: true bundle.js:95718:11
Fetching all food items from all categories bundle.js:95924:19
Fetching food items for category: 1 bundle.js:108184:17
MenuScreen - Current user role: Customer Is Customer: true bundle.js:95718:11
🚀 Making GET request to: /api/FoodInfo/category/1 bundle.js:107767:11
✅ Response received: 200 OK bundle.js:107774:11
Raw food items response for category: 
Array(5) [ {…}, {…}, {…}, {…}, {…} ]
bundle.js:108187:17
extractApiData - Input data: 
Array(5) [ {…}, {…}, {…}, {…}, {…} ]
bundle.js:107950:11
Found direct array with length: 5 bundle.js:107952:13
extractApiData - Processed items: 5 bundle.js:107968:13
extractApiData - Sample processed item: 
Object { foodId: "1", foodName: "Cơm gà xối mỡ", unitPrice: 56000, cateId: "1", foodImage: "https://barona.vn/storage/meo-vat/83/com-ga-xoi-mo.jpg", categoryName: "Cơm" }
bundle.js:107969:13
Main extracted items: 
Array(5) [ {…}, {…}, {…}, {…}, {…} ]
bundle.js:108189:17
Using main extracted items: 
Array(5) [ {…}, {…}, {…}, {…}, {…} ]
bundle.js:108206:17
Number of main extracted items: 5 bundle.js:108207:17
Fetching food items for category: 2 bundle.js:108184:17
🚀 Making GET request to: /api/FoodInfo/category/2 bundle.js:107767:11
✅ Response received: 200 OK bundle.js:107774:11
Raw food items response for category: 
Array(5) [ {…}, {…}, {…}, {…}, {…} ]
bundle.js:108187:17
extractApiData - Input data: 
Array(5) [ {…}, {…}, {…}, {…}, {…} ]
bundle.js:107950:11
Found direct array with length: 5 bundle.js:107952:13
extractApiData - Processed items: 5 bundle.js:107968:13
extractApiData - Sample processed item: 
Object { foodId: "19", foodName: "Canh Bí Đỏ", unitPrice: 55000, cateId: "2", foodImage: "https://beptruong.edu.vn/wp-content/uploads/2020/07/cach-nau-canh-bi-do-don-gian.jpg", categoryName: "Canh" }
bundle.js:107969:13
Main extracted items: 
Array(5) [ {…}, {…}, {…}, {…}, {…} ]
bundle.js:108189:17
Using main extracted items: 
Array(5) [ {…}, {…}, {…}, {…}, {…} ]
bundle.js:108206:17
Number of main extracted items: 5 bundle.js:108207:17
Fetching food items for category: 3 bundle.js:108184:17
🚀 Making GET request to: /api/FoodInfo/category/3 bundle.js:107767:11
✅ Response received: 200 OK bundle.js:107774:11
Raw food items response for category: 
Array [ {…}, {…} ]
bundle.js:108187:17
extractApiData - Input data: 
Array [ {…}, {…} ]
bundle.js:107950:11
Found direct array with length: 2 bundle.js:107952:13
extractApiData - Processed items: 2 bundle.js:107968:13
extractApiData - Sample processed item: 
Object { foodId: "8", foodName: "Súp gà", unitPrice: 30000, cateId: "3", foodImage: "https://cdn.tgdd.vn/2021/10/CookRecipe/GalleryStep/thanh-pham-1640.jpg", categoryName: "Súp" }
bundle.js:107969:13
Main extracted items: 
Array [ {…}, {…} ]
bundle.js:108189:17
Using main extracted items: 
Array [ {…}, {…} ]
bundle.js:108206:17
Number of main extracted items: 2 bundle.js:108207:17
Fetching food items for category: 4 bundle.js:108184:17
🚀 Making GET request to: /api/FoodInfo/category/4 bundle.js:107767:11
✅ Response received: 200 OK bundle.js:107774:11
Raw food items response for category: 
Array [ {…}, {…} ]
bundle.js:108187:17
extractApiData - Input data: 
Array [ {…}, {…} ]
bundle.js:107950:11
Found direct array with length: 2 bundle.js:107952:13
extractApiData - Processed items: 2 bundle.js:107968:13
extractApiData - Sample processed item: 
Object { foodId: "10", foodName: "Mì xào bò", unitPrice: 40000, cateId: "4", foodImage: "https://maisonmando.com/wp-content/uploads/2022/04/cach-lam-mi-xao-bo-1-1.jpg", categoryName: "Mì Xào" }
bundle.js:107969:13
Main extracted items: 
Array [ {…}, {…} ]
bundle.js:108189:17
Using main extracted items: 
Array [ {…}, {…} ]
bundle.js:108206:17
Number of main extracted items: 2 bundle.js:108207:17
Fetching food items for category: 5 bundle.js:108184:17
🚀 Making GET request to: /api/FoodInfo/category/5 bundle.js:107767:11
✅ Response received: 200 OK bundle.js:107774:11
Raw food items response for category: 
Array(3) [ {…}, {…}, {…} ]
bundle.js:108187:17
extractApiData - Input data: 
Array(3) [ {…}, {…}, {…} ]
bundle.js:107950:11
Found direct array with length: 3 bundle.js:107952:13
extractApiData - Processed items: 3 bundle.js:107968:13
extractApiData - Sample processed item: 
Object { foodId: "12", foodName: "Rau muống xào tỏi", unitPrice: 30000, cateId: "5", foodImage: "https://cdn.tgdd.vn/2021/04/CookRecipe/GalleryStep/thanh-pham-1347.jpg", categoryName: "Rau" }
bundle.js:107969:13
Main extracted items: 
Array(3) [ {…}, {…}, {…} ]
bundle.js:108189:17
Using main extracted items: 
Array(3) [ {…}, {…}, {…} ]
bundle.js:108206:17
Number of main extracted items: 3 bundle.js:108207:17
Fetching food items for category: 6 bundle.js:108184:17
🚀 Making GET request to: /api/FoodInfo/category/6 bundle.js:107767:11
✅ Response received: 200 OK bundle.js:107774:11
Raw food items response for category: 
Array [ {…}, {…} ]
bundle.js:108187:17
extractApiData - Input data: 
Array [ {…}, {…} ]
bundle.js:107950:11
Found direct array with length: 2 bundle.js:107952:13
extractApiData - Processed items: 2 bundle.js:107968:13
extractApiData - Sample processed item: 
Object { foodId: "15", foodName: "Gà quay", unitPrice: 120000, cateId: "6", foodImage: "https://cdn.tgdd.vn/2021/03/CookRecipe/GalleryStep/thanh-pham-287.jpg", categoryName: "Gà" }
bundle.js:107969:13
Main extracted items: 
Array [ {…}, {…} ]
bundle.js:108189:17
Using main extracted items: 
Array [ {…}, {…} ]
bundle.js:108206:17
Number of main extracted items: 2 bundle.js:108207:17
Fetching food items for category: 7 bundle.js:108184:17
🚀 Making GET request to: /api/FoodInfo/category/7 bundle.js:107767:11
✅ Response received: 200 OK bundle.js:107774:11
Raw food items response for category: 
Array(4) [ {…}, {…}, {…}, {…} ]
bundle.js:108187:17
extractApiData - Input data: 
Array(4) [ {…}, {…}, {…}, {…} ]
bundle.js:107950:11
Found direct array with length: 4 bundle.js:107952:13
extractApiData - Processed items: 4 bundle.js:107968:13
extractApiData - Sample processed item: 
Object { foodId: "17", foodName: "Nước suối", unitPrice: 7000, cateId: "7", foodImage: "https://bizweb.dktcdn.net/100/333/628/files/nuoc-sach-giau-khoang.jpg?v=1601260428010", categoryName: "Thức Uống" }
bundle.js:107969:13
Main extracted items: 
Array(4) [ {…}, {…}, {…}, {…} ]
bundle.js:108189:17
Using main extracted items: 
Array(4) [ {…}, {…}, {…}, {…} ]
bundle.js:108206:17
Number of main extracted items: 4 bundle.js:108207:17
Fetching food items for category: 8 bundle.js:108184:17
🚀 Making GET request to: /api/FoodInfo/category/8 bundle.js:107767:11
✅ Response received: 200 OK bundle.js:107774:11
Raw food items response for category: 
Array [ {…} ]
bundle.js:108187:17
extractApiData - Input data: 
Array [ {…} ]
bundle.js:107950:11
Found direct array with length: 1 bundle.js:107952:13
extractApiData - Processed items: 1 bundle.js:107968:13
extractApiData - Sample processed item: 
Object { foodId: "FD2FDC9982", foodName: "Cá lóc nướng chui", unitPrice: 120000, cateId: "8", foodImage: "https://toplistcantho.com/wp-content/uploads/2020/07/quan-ca-loc-nuong-ngon-o-can-tho-11.jpg", categoryName: "Cá" }
bundle.js:107969:13
Main extracted items: 
Array [ {…} ]
bundle.js:108189:17
Using main extracted items: 
Array [ {…} ]
bundle.js:108206:17
Number of main extracted items: 1 bundle.js:108207:17
Fetching food items for category: 9 bundle.js:108184:17
🚀 Making GET request to: /api/FoodInfo/category/9 bundle.js:107767:11
✅ Response received: 200 OK bundle.js:107774:11
Raw food items response for category: 
Array []
bundle.js:108187:17
extractApiData - Input data: 
Array []
bundle.js:107950:11
Found direct array with length: 0 bundle.js:107952:13
extractApiData - Processed items: 0 bundle.js:107968:13
extractApiData - Sample processed item: undefined bundle.js:107969:13
Main extracted items: 
Array []
bundle.js:108189:17
Using main extracted items: 
Array []
bundle.js:108206:17
Number of main extracted items: 0 bundle.js:108207:17
Food items fetched: 
Array(24) [ {…}, {…}, {…}, {…}, {…}, {…}, {…}, {…}, {…}, {…}, … ]
bundle.js:95941:17
MenuScreen - Current user role: Customer Is Customer: true 2 bundle.js:95718:11
Uncaught ReferenceError: cartQuantity is not defined
    renderMenuItem MenuScreen.js:431
    MenuScreen MenuScreen.js:1188
    React 16
    Webpack 25
bundle.js:96119:13
MenuScreen - Current user role: Customer Is Customer: true 2 bundle.js:95718:11
Uncaught ReferenceError: cartQuantity is not defined
    renderMenuItem MenuScreen.js:431
    MenuScreen MenuScreen.js:1188
    React 17
    Webpack 25
bundle.js:96119:13
The above error occurred in the <MenuScreen> component:

MenuScreen@http://localhost:19006/static/js/bundle.js:95706:20
ProtectedScreen@http://localhost:19006/static/js/bundle.js:129:18
StaticContainer@http://localhost:19006/static/js/bundle.js:4684:3
EnsureSingleNavigator@http://localhost:19006/static/js/bundle.js:4241:18
SceneView@http://localhost:19006/static/js/bundle.js:4574:16
div
./node_modules/react-native-web/dist/exports/View/index.js/View<@http://localhost:19006/static/js/bundle.js:65906:19
div
./node_modules/react-native-web/dist/exports/View/index.js/View<@http://localhost:19006/static/js/bundle.js:65906:19
div
./node_modules/react-native-web/dist/exports/View/index.js/View<@http://localhost:19006/static/js/bundle.js:65906:19
CardSheet@http://localhost:19006/static/js/bundle.js:13219:17
div
./node_modules/react-native-web/dist/exports/View/index.js/View<@http://localhost:19006/static/js/bundle.js:65906:19
./node_modules/react-native-web/dist/vendor/react-native/Animated/createAnimatedComponent.js/createAnimatedComponent/<@http://localhost:19006/static/js/bundle.js:71961:90
Dummy@http://localhost:19006/static/js/bundle.js:11884:18
div
./node_modules/react-native-web/dist/exports/View/index.js/View<@http://localhost:19006/static/js/bundle.js:65906:19
./node_modules/react-native-web/dist/vendor/react-native/Animated/createAnimatedComponent.js/createAnimatedComponent/<@http://localhost:19006/static/js/bundle.js:71961:90
div
./node_modules/react-native-web/dist/exports/View/index.js/View<@http://localhost:19006/static/js/bundle.js:65906:19
Card@http://localhost:19006/static/js/bundle.js:12513:86
CardContainer@http://localhost:19006/static/js/bundle.js:12958:28
div
./node_modules/react-native-web/dist/exports/View/index.js/View<@http://localhost:19006/static/js/bundle.js:65906:19
NativeScreen@http://localhost:19006/static/js/bundle.js:60422:86
./node_modules/react-native-web/dist/vendor/react-native/Animated/createAnimatedComponent.js/createAnimatedComponent/<@http://localhost:19006/static/js/bundle.js:71961:90
MaybeScreen@http://localhost:19006/static/js/bundle.js:12406:17
div
./node_modules/react-native-web/dist/exports/View/index.js/View<@http://localhost:19006/static/js/bundle.js:65906:19
MaybeScreenContainer@http://localhost:19006/static/js/bundle.js:12396:17
div
./node_modules/react-native-web/dist/exports/View/index.js/View<@http://localhost:19006/static/js/bundle.js:65906:19
Background@http://localhost:19006/static/js/bundle.js:7959:15
CardStack@http://localhost:19006/static/js/bundle.js:13387:86
SafeAreaFrameProvider@http://localhost:19006/static/js/bundle.js:8910:24
div
./node_modules/react-native-web/dist/exports/View/index.js/View<@http://localhost:19006/static/js/bundle.js:65906:19
NativeSafeAreaProvider@http://localhost:19006/static/js/bundle.js:60071:18
SafeAreaProvider@http://localhost:19006/static/js/bundle.js:60229:18
SafeAreaProviderCompat@http://localhost:19006/static/js/bundle.js:8891:18
div
./node_modules/react-native-web/dist/exports/View/index.js/View<@http://localhost:19006/static/js/bundle.js:65906:19
StackView@http://localhost:19006/static/js/bundle.js:13785:86
PreventRemoveProvider@http://localhost:19006/static/js/bundle.js:4484:18
NavigationContent@http://localhost:19006/static/js/bundle.js:5912:16
./node_modules/@react-navigation/core/lib/module/useComponent.js/useComponent/<@http://localhost:19006/static/js/bundle.js:5923:20
StackNavigator@http://localhost:19006/static/js/bundle.js:11518:12
MainAppStack@http://localhost:19006/static/js/bundle.js:190:21
AppContainer@http://localhost:19006/static/js/bundle.js:762:66
EnsureSingleNavigator@http://localhost:19006/static/js/bundle.js:4241:18
BaseNavigationContainer@http://localhost:19006/static/js/bundle.js:3903:22
ThemeProvider@http://localhost:19006/static/js/bundle.js:9435:15
NavigationContainerInner@http://localhost:19006/static/js/bundle.js:9102:20
ToastProvider@http://localhost:19006/static/js/bundle.js:1805:18
CartProvider@http://localhost:19006/static/js/bundle.js:1594:18
AuthProvider@http://localhost:19006/static/js/bundle.js:1238:18
App
withDevTools(App)

Consider adding an error boundary to your tree to customize error handling behavior.
Visit https://reactjs.org/link/error-boundaries to learn more about error boundaries. bundle.js:47904:15
Uncaught ReferenceError: cartQuantity is not defined
    renderMenuItem MenuScreen.js:431
    MenuScreen MenuScreen.js:1188
    React 14
    Webpack 25
bundle.js:96119:13
